{
  "requires": true,
  "lockfileVersion": 1,
  "dependencies": {
    "three-onevent": {
      "version": "1.1.2",
      "resolved": "https://registry.npmjs.org/three-onevent/-/three-onevent-1.1.2.tgz",
      "integrity": "sha512-EojWwxG09upjGAAa6XpjHHgXHB+fJ15Mzf8gqCptuMEjNFCWNx2kI4YXvNCH5MO0zP+HPFAVcbewWJw9Xe7GbA=="
    }
  }
}
